
Microsoft Visual Studio Solution File, Format Version 12.00
# Visual Studio 15
VisualStudioVersion = 15.0.28307.168
MinimumVisualStudioVersion = 10.0.40219.1
Project("{00D1A9C2-B5F0-4AF3-8072-F6C62B433612}") = "sqlclr", "sqlclr.sqlproj", "{0BC2D154-B247-4883-A9E7-C898211F6348}"
EndProject
Project("{FAE04EC0-301F-11D3-BF4B-00C04F79EFBC}") = "sqlclr.nonsql", "sqlclr.nonsql\sqlclr.nonsql.csproj", "{48D9FB31-1CB9-416F-9B2E-819DEEE3697E}"
EndProject
Global
	GlobalSection(SolutionConfigurationPlatforms) = preSolution
		Debug|Any CPU = Debug|Any CPU
		Release|Any CPU = Release|Any CPU
	EndGlobalSection
	GlobalSection(ProjectConfigurationPlatforms) = postSolution
		{0BC2D154-B247-4883-A9E7-C898211F6348}.Debug|Any CPU.ActiveCfg = Debug|Any CPU
		{0BC2D154-B247-4883-A9E7-C898211F6348}.Debug|Any CPU.Build.0 = Debug|Any CPU
		{0BC2D154-B247-4883-A9E7-C898211F6348}.Debug|Any CPU.Deploy.0 = Debug|Any CPU
		{0BC2D154-B247-4883-A9E7-C898211F6348}.Release|Any CPU.ActiveCfg = Release|Any CPU
		{0BC2D154-B247-4883-A9E7-C898211F6348}.Release|Any CPU.Build.0 = Release|Any CPU
		{0BC2D154-B247-4883-A9E7-C898211F6348}.Release|Any CPU.Deploy.0 = Release|Any CPU
		{48D9FB31-1CB9-416F-9B2E-819DEEE3697E}.Debug|Any CPU.ActiveCfg = Debug|Any CPU
		{48D9FB31-1CB9-416F-9B2E-819DEEE3697E}.Debug|Any CPU.Build.0 = Debug|Any CPU
		{48D9FB31-1CB9-416F-9B2E-819DEEE3697E}.Release|Any CPU.ActiveCfg = Release|Any CPU
		{48D9FB31-1CB9-416F-9B2E-819DEEE3697E}.Release|Any CPU.Build.0 = Release|Any CPU
	EndGlobalSection
	GlobalSection(SolutionProperties) = preSolution
		HideSolutionNode = FALSE
	EndGlobalSection
	GlobalSection(ExtensibilityGlobals) = postSolution
		SolutionGuid = {6AE09EB7-F43B-42D8-8914-47FBC93D893D}
	EndGlobalSection
EndGlobal
